
Microsoft Visual Studio Solution File, Format Version 12.00
# Visual Studio Version 16
VisualStudioVersion = 16.0.28917.182
MinimumVisualStudioVersion = 10.0.40219.1
Project("{FAE04EC0-301F-11D3-BF4B-00C04F79EFBC}") = "Entrades", "Entrades.csproj", "{17F14EE2-6779-41F4-A9E8-22100714C36E}"
EndProject
Global
	GlobalSection(SolutionConfigurationPlatforms) = preSolution
		Debug|ARM = Debug|ARM
		Debug|ARM64 = Debug|ARM64
		Debug|x64 = Debug|x64
		Debug|x86 = Debug|x86
		Release|ARM = Release|ARM
		Release|ARM64 = Release|ARM64
		Release|x64 = Release|x64
		Release|x86 = Release|x86
	EndGlobalSection
	GlobalSection(ProjectConfigurationPlatforms) = postSolution
		{17F14EE2-6779-41F4-A9E8-22100714C36E}.Debug|ARM.ActiveCfg = Debug|ARM
		{17F14EE2-6779-41F4-A9E8-22100714C36E}.Debug|ARM.Build.0 = Debug|ARM
		{17F14EE2-6779-41F4-A9E8-22100714C36E}.Debug|ARM.Deploy.0 = Debug|ARM
		{17F14EE2-6779-41F4-A9E8-22100714C36E}.Debug|ARM64.ActiveCfg = Debug|ARM64
		{17F14EE2-6779-41F4-A9E8-22100714C36E}.Debug|ARM64.Build.0 = Debug|ARM64
		{17F14EE2-6779-41F4-A9E8-22100714C36E}.Debug|ARM64.Deploy.0 = Debug|ARM64
		{17F14EE2-6779-41F4-A9E8-22100714C36E}.Debug|x64.ActiveCfg = Debug|x64
		{17F14EE2-6779-41F4-A9E8-22100714C36E}.Debug|x64.Build.0 = Debug|x64
		{17F14EE2-6779-41F4-A9E8-22100714C36E}.Debug|x64.Deploy.0 = Debug|x64
		{17F14EE2-6779-41F4-A9E8-22100714C36E}.Debug|x86.ActiveCfg = Debug|x86
		{17F14EE2-6779-41F4-A9E8-22100714C36E}.Debug|x86.Build.0 = Debug|x86
		{17F14EE2-6779-41F4-A9E8-22100714C36E}.Debug|x86.Deploy.0 = Debug|x86
		{17F14EE2-6779-41F4-A9E8-22100714C36E}.Release|ARM.ActiveCfg = Release|ARM
		{17F14EE2-6779-41F4-A9E8-22100714C36E}.Release|ARM.Build.0 = Release|ARM
		{17F14EE2-6779-41F4-A9E8-22100714C36E}.Release|ARM.Deploy.0 = Release|ARM
		{17F14EE2-6779-41F4-A9E8-22100714C36E}.Release|ARM64.ActiveCfg = Release|ARM64
		{17F14EE2-6779-41F4-A9E8-22100714C36E}.Release|ARM64.Build.0 = Release|ARM64
		{17F14EE2-6779-41F4-A9E8-22100714C36E}.Release|ARM64.Deploy.0 = Release|ARM64
		{17F14EE2-6779-41F4-A9E8-22100714C36E}.Release|x64.ActiveCfg = Release|x64
		{17F14EE2-6779-41F4-A9E8-22100714C36E}.Release|x64.Build.0 = Release|x64
		{17F14EE2-6779-41F4-A9E8-22100714C36E}.Release|x64.Deploy.0 = Release|x64
		{17F14EE2-6779-41F4-A9E8-22100714C36E}.Release|x86.ActiveCfg = Release|x86
		{17F14EE2-6779-41F4-A9E8-22100714C36E}.Release|x86.Build.0 = Release|x86
		{17F14EE2-6779-41F4-A9E8-22100714C36E}.Release|x86.Deploy.0 = Release|x86
	EndGlobalSection
	GlobalSection(SolutionProperties) = preSolution
		HideSolutionNode = FALSE
	EndGlobalSection
	GlobalSection(ExtensibilityGlobals) = postSolution
		SolutionGuid = {3A9DEAF6-5312-4436-AF49-9FEAA6E406A3}
	EndGlobalSection
EndGlobal
