
Microsoft Visual Studio Solution File, Format Version 12.00
# Visual Studio Version 16
VisualStudioVersion = 16.0.28902.138
MinimumVisualStudioVersion = 10.0.40219.1
Project("{9A19103F-16F7-4668-BE54-9A1E7A4F7556}") = "DBBasic", "DBBasic.csproj", "{79BFAC3C-8CAE-49D3-A122-622EC4C3F81E}"
EndProject
Global
	GlobalSection(SolutionConfigurationPlatforms) = preSolution
		Debug|Any CPU = Debug|Any CPU
		Release|Any CPU = Release|Any CPU
	EndGlobalSection
	GlobalSection(ProjectConfigurationPlatforms) = postSolution
		{79BFAC3C-8CAE-49D3-A122-622EC4C3F81E}.Debug|Any CPU.ActiveCfg = Debug|Any CPU
		{79BFAC3C-8CAE-49D3-A122-622EC4C3F81E}.Debug|Any CPU.Build.0 = Debug|Any CPU
		{79BFAC3C-8CAE-49D3-A122-622EC4C3F81E}.Release|Any CPU.ActiveCfg = Release|Any CPU
		{79BFAC3C-8CAE-49D3-A122-622EC4C3F81E}.Release|Any CPU.Build.0 = Release|Any CPU
	EndGlobalSection
	GlobalSection(SolutionProperties) = preSolution
		HideSolutionNode = FALSE
	EndGlobalSection
	GlobalSection(ExtensibilityGlobals) = postSolution
		SolutionGuid = {1429F63E-F2A1-4875-90CB-4E414919EE4B}
	EndGlobalSection
EndGlobal
